
Microsoft Visual Studio Solution File, Format Version 12.00
# Visual Studio Version 17
VisualStudioVersion = 17.14.36109.1 d17.14
MinimumVisualStudioVersion = 10.0.40219.1
Project("{FAE04EC0-301F-11D3-BF4B-00C04F79EFBC}") = "ABagOfCode", "ABagOfCode.csproj", "{076CEF9E-3C99-4FE7-9647-553652B839C8}"
EndProject
Global
	GlobalSection(SolutionConfigurationPlatforms) = preSolution
		Debug|Any CPU = Debug|Any CPU
		Release|Any CPU = Release|Any CPU
	EndGlobalSection
	GlobalSection(ProjectConfigurationPlatforms) = postSolution
		{076CEF9E-3C99-4FE7-9647-553652B839C8}.Debug|Any CPU.ActiveCfg = Debug|Any CPU
		{076CEF9E-3C99-4FE7-9647-553652B839C8}.Debug|Any CPU.Build.0 = Debug|Any CPU
		{076CEF9E-3C99-4FE7-9647-553652B839C8}.Release|Any CPU.ActiveCfg = Release|Any CPU
		{076CEF9E-3C99-4FE7-9647-553652B839C8}.Release|Any CPU.Build.0 = Release|Any CPU
	EndGlobalSection
	GlobalSection(SolutionProperties) = preSolution
		HideSolutionNode = FALSE
	EndGlobalSection
	GlobalSection(ExtensibilityGlobals) = postSolution
		SolutionGuid = {73C4DCC9-C0ED-43CE-918D-CFB05D65FAF1}
	EndGlobalSection
EndGlobal
